# This file is automatically @generated by Cargo.
# It is not intended for manual editing.
version = 4

[[package]]
name = "crispii_errors"
version = "0.1.2"
source = "registry+https://github.com/rust-lang/crates.io-index"
checksum = "bda549b9d8f334dfcc45317733405c7498286ffa3725ab91dac6ec28214f2ec1"

[[package]]
name = "crispii_music"
version = "0.1.0"
dependencies = [
 "crispii_errors",
]
